// !$*UTF8*$!
{
	archiveVersion = 1;
	classes = {
	};
	objectVersion = 50;
	objects = {

/* Begin PBXBuildFile section */
		52AB6DAE2113E53100E747A7 /* AppDelegate.swift in Sources */ = {isa = PBXBuildFile; fileRef = 52AB6DAD2113E53100E747A7 /* AppDelegate.swift */; };
		52AB6DB02113E53200E747A7 /* ViewController.swift in Sources */ = {isa = PBXBuildFile; fileRef = 52AB6DAF2113E53200E747A7 /* ViewController.swift */; };
		52AB6DB32113E53200E747A7 /* Main.storyboard in Resources */ = {isa = PBXBuildFile; fileRef = 52AB6DB12113E53200E747A7 /* Main.storyboard */; };
		52AB6DB52113E53400E747A7 /* Assets.xcassets in Resources */ = {isa = PBXBuildFile; fileRef = 52AB6DB42113E53400E747A7 /* Assets.xcassets */; };
		52AB6DB82113E53400E747A7 /* LaunchScreen.storyboard in Resources */ = {isa = PBXBuildFile; fileRef = 52AB6DB62113E53400E747A7 /* LaunchScreen.storyboard */; };
		52AB6DC32113E53400E747A7 /* FoxCodableTests.swift in Sources */ = {isa = PBXBuildFile; fileRef = 52AB6DC22113E53400E747A7 /* FoxCodableTests.swift */; };
/* End PBXBuildFile section */

/* Begin PBXContainerItemProxy section */
		52AB6DBF2113E53400E747A7 /* PBXContainerItemProxy */ = {
			isa = PBXContainerItemProxy;
			containerPortal = 52AB6DA22113E53100E747A7 /* Project object */;
			proxyType = 1;
			remoteGlobalIDString = 52AB6DA92113E53100E747A7;
			remoteInfo = FoxCodable;
		};
/* End PBXContainerItemProxy section */

/* Begin PBXFileReference section */
		52AB6DAA2113E53100E747A7 /* FoxCodable.app */ = {isa = PBXFileReference; explicitFileType = wrapper.application; includeInIndex = 0; path = FoxCodable.app; sourceTree = BUILT_PRODUCTS_DIR; };
		52AB6DAD2113E53100E747A7 /* AppDelegate.swift */ = {isa = PBXFileReference; lastKnownFileType = sourcecode.swift; path = AppDelegate.swift; sourceTree = "<group>"; };
		52AB6DAF2113E53200E747A7 /* ViewController.swift */ = {isa = PBXFileReference; lastKnownFileType = sourcecode.swift; path = ViewController.swift; sourceTree = "<group>"; };
		52AB6DB22113E53200E747A7 /* Base */ = {isa = PBXFileReference; lastKnownFileType = file.storyboard; name = Base; path = Base.lproj/Main.storyboard; sourceTree = "<group>"; };
		52AB6DB42113E53400E747A7 /* Assets.xcassets */ = {isa = PBXFileReference; lastKnownFileType = folder.assetcatalog; path = Assets.xcassets; sourceTree = "<group>"; };
		52AB6DB72113E53400E747A7 /* Base */ = {isa = PBXFileReference; lastKnownFileType = file.storyboard; name = Base; path = Base.lproj/LaunchScreen.storyboard; sourceTree = "<group>"; };
		52AB6DB92113E53400E747A7 /* Info.plist */ = {isa = PBXFileReference; lastKnownFileType = text.plist.xml; path = Info.plist; sourceTree = "<group>"; };
		52AB6DBE2113E53400E747A7 /* FoxCodableTests.xctest */ = {isa = PBXFileReference; explicitFileType = wrapper.cfbundle; includeInIndex = 0; path = FoxCodableTests.xctest; sourceTree = BUILT_PRODUCTS_DIR; };
		52AB6DC22113E53400E747A7 /* FoxCodableTests.swift */ = {isa = PBXFileReference; lastKnownFileType = sourcecode.swift; path = FoxCodableTests.swift; sourceTree = "<group>"; };
		52AB6DC42113E53400E747A7 /* Info.plist */ = {isa = PBXFileReference; lastKnownFileType = text.plist.xml; path = Info.plist; sourceTree = "<group>"; };
/* End PBXFileReference section */

/* Begin PBXFrameworksBuildPhase section */
		52AB6DA72113E53100E747A7 /* Frameworks */ = {
			isa = PBXFrameworksBuildPhase;
			buildActionMask = 2147483647;
			files = (
			);
			runOnlyForDeploymentPostprocessing = 0;
		};
		52AB6DBB2113E53400E747A7 /* Frameworks */ = {
			isa = PBXFrameworksBuildPhase;
			buildActionMask = 2147483647;
			files = (
			);
			runOnlyForDeploymentPostprocessing = 0;
		};
/* End PBXFrameworksBuildPhase section */

/* Begin PBXGroup section */
		52AB6DA12113E53100E747A7 = {
			isa = PBXGroup;
			children = (
				52AB6DAC2113E53100E747A7 /* FoxCodable */,
				52AB6DC12113E53400E747A7 /* FoxCodableTests */,
				52AB6DAB2113E53100E747A7 /* Products */,
			);
			sourceTree = "<group>";
		};
		52AB6DAB2113E53100E747A7 /* Products */ = {
			isa = PBXGroup;
			children = (
				52AB6DAA2113E53100E747A7 /* FoxCodable.app */,
				52AB6DBE2113E53400E747A7 /* FoxCodableTests.xctest */,
			);
			name = Products;
			sourceTree = "<group>";
		};
		52AB6DAC2113E53100E747A7 /* FoxCodable */ = {
			isa = PBXGroup;
			children = (
				52AB6DAD2113E53100E747A7 /* AppDelegate.swift */,
				52AB6DAF2113E53200E747A7 /* ViewController.swift */,
				52AB6DB12113E53200E747A7 /* Main.storyboard */,
				52AB6DB42113E53400E747A7 /* Assets.xcassets */,
				52AB6DB62113E53400E747A7 /* LaunchScreen.storyboard */,
				52AB6DB92113E53400E747A7 /* Info.plist */,
			);
			path = FoxCodable;
			sourceTree = "<group>";
		};
		52AB6DC12113E53400E747A7 /* FoxCodableTests */ = {
			isa = PBXGroup;
			children = (
				52AB6DC22113E53400E747A7 /* FoxCodableTests.swift */,
				52AB6DC42113E53400E747A7 /* Info.plist */,
			);
			path = FoxCodableTests;
			sourceTree = "<group>";
		};
/* End PBXGroup section */

/* Begin PBXNativeTarget section */
		52AB6DA92113E53100E747A7 /* FoxCodable */ = {
			isa = PBXNativeTarget;
			buildConfigurationList = 52AB6DC72113E53400E747A7 /* Build configuration list for PBXNativeTarget "FoxCodable" */;
			buildPhases = (
				52AB6DA62113E53100E747A7 /* Sources */,
				52AB6DA72113E53100E747A7 /* Frameworks */,
				52AB6DA82113E53100E747A7 /* Resources */,
			);
			buildRules = (
			);
			dependencies = (
			);
			name = FoxCodable;
			productName = FoxCodable;
			productReference = 52AB6DAA2113E53100E747A7 /* FoxCodable.app */;
			productType = "com.apple.product-type.application";
		};
		52AB6DBD2113E53400E747A7 /* FoxCodableTests */ = {
			isa = PBXNativeTarget;
			buildConfigurationList = 52AB6DCA2113E53400E747A7 /* Build configuration list for PBXNativeTarget "FoxCodableTests" */;
			buildPhases = (
				52AB6DBA2113E53400E747A7 /* Sources */,
				52AB6DBB2113E53400E747A7 /* Frameworks */,
				52AB6DBC2113E53400E747A7 /* Resources */,
			);
			buildRules = (
			);
			dependencies = (
				52AB6DC02113E53400E747A7 /* PBXTargetDependency */,
			);
			name = FoxCodableTests;
			productName = FoxCodableTests;
			productReference = 52AB6DBE2113E53400E747A7 /* FoxCodableTests.xctest */;
			productType = "com.apple.product-type.bundle.unit-test";
		};
/* End PBXNativeTarget section */

/* Begin PBXProject section */
		52AB6DA22113E53100E747A7 /* Project object */ = {
			isa = PBXProject;
			attributes = {
				LastSwiftUpdateCheck = 0930;
				LastUpgradeCheck = 0930;
				ORGANIZATIONNAME = stefanoshea;
				TargetAttributes = {
					52AB6DA92113E53100E747A7 = {
						CreatedOnToolsVersion = 9.3;
					};
					52AB6DBD2113E53400E747A7 = {
						CreatedOnToolsVersion = 9.3;
						TestTargetID = 52AB6DA92113E53100E747A7;
					};
				};
			};
			buildConfigurationList = 52AB6DA52113E53100E747A7 /* Build configuration list for PBXProject "FoxCodable" */;
			compatibilityVersion = "Xcode 9.3";
			developmentRegion = en;
			hasScannedForEncodings = 0;
			knownRegions = (
				en,
				Base,
			);
			mainGroup = 52AB6DA12113E53100E747A7;
			productRefGroup = 52AB6DAB2113E53100E747A7 /* Products */;
			projectDirPath = "";
			projectRoot = "";
			targets = (
				52AB6DA92113E53100E747A7 /* FoxCodable */,
				52AB6DBD2113E53400E747A7 /* FoxCodableTests */,
			);
		};
/* End PBXProject section */

/* Begin PBXResourcesBuildPhase section */
		52AB6DA82113E53100E747A7 /* Resources */ = {
			isa = PBXResourcesBuildPhase;
			buildActionMask = 2147483647;
			files = (
				52AB6DB82113E53400E747A7 /* LaunchScreen.storyboard in Resources */,
				52AB6DB52113E53400E747A7 /* Assets.xcassets in Resources */,
				52AB6DB32113E53200E747A7 /* Main.storyboard in Resources */,
			);
			runOnlyForDeploymentPostprocessing = 0;
		};
		52AB6DBC2113E53400E747A7 /* Resources */ = {
			isa = PBXResourcesBuildPhase;
			buildActionMask = 2147483647;
			files = (
			);
			runOnlyForDeploymentPostprocessing = 0;
		};
/* End PBXResourcesBuildPhase section */

/* Begin PBXSourcesBuildPhase section */
		52AB6DA62113E53100E747A7 /* Sources */ = {
			isa = PBXSourcesBuildPhase;
			buildActionMask = 2147483647;
			files = (
				52AB6DB02113E53200E747A7 /* ViewController.swift in Sources */,
				52AB6DAE2113E53100E747A7 /* AppDelegate.swift in Sources */,
			);
			runOnlyForDeploymentPostprocessing = 0;
		};
		52AB6DBA2113E53400E747A7 /* Sources */ = {
			isa = PBXSourcesBuildPhase;
			buildActionMask = 2147483647;
			files = (
				52AB6DC32113E53400E747A7 /* FoxCodableTests.swift in Sources */,
			);
			runOnlyForDeploymentPostprocessing = 0;
		};
/* End PBXSourcesBuildPhase section */

/* Begin PBXTargetDependency section */
		52AB6DC02113E53400E747A7 /* PBXTargetDependency */ = {
			isa = PBXTargetDependency;
			target = 52AB6DA92113E53100E747A7 /* FoxCodable */;
			targetProxy = 52AB6DBF2113E53400E747A7 /* PBXContainerItemProxy */;
		};
/* End PBXTargetDependency section */

/* Begin PBXVariantGroup section */
		52AB6DB12113E53200E747A7 /* Main.storyboard */ = {
			isa = PBXVariantGroup;
			children = (
				52AB6DB22113E53200E747A7 /* Base */,
			);
			name = Main.storyboard;
			sourceTree = "<group>";
		};
		52AB6DB62113E53400E747A7 /* LaunchScreen.storyboard */ = {
			isa = PBXVariantGroup;
			children = (
				52AB6DB72113E53400E747A7 /* Base */,
			);
			name = LaunchScreen.storyboard;
			sourceTree = "<group>";
		};
/* End PBXVariantGroup section */

/* Begin XCBuildConfiguration section */
		52AB6DC52113E53400E747A7 /* Debug */ = {
			isa = XCBuildConfiguration;
			buildSettings = {
				ALWAYS_SEARCH_USER_PATHS = NO;
				CLANG_ANALYZER_NONNULL = YES;
				CLANG_ANALYZER_NUMBER_OBJECT_CONVERSION = YES_AGGRESSIVE;
				CLANG_CXX_LANGUAGE_STANDARD = "gnu++14";
				CLANG_CXX_LIBRARY = "libc++";
				CLANG_ENABLE_MODULES = YES;
				CLANG_ENABLE_OBJC_ARC = YES;
				CLANG_ENABLE_OBJC_WEAK = YES;
				CLANG_WARN_BLOCK_CAPTURE_AUTORELEASING = YES;
				CLANG_WARN_BOOL_CONVERSION = YES;
				CLANG_WARN_COMMA = YES;
				CLANG_WARN_CONSTANT_CONVERSION = YES;
				CLANG_WARN_DEPRECATED_OBJC_IMPLEMENTATIONS = YES;
				CLANG_WARN_DIRECT_OBJC_ISA_USAGE = YES_ERROR;
				CLANG_WARN_DOCUMENTATION_COMMENTS = YES;
				CLANG_WARN_EMPTY_BODY = YES;
				CLANG_WARN_ENUM_CONVERSION = YES;
				CLANG_WARN_INFINITE_RECURSION = YES;
				CLANG_WARN_INT_CONVERSION = YES;
				CLANG_WARN_NON_LITERAL_NULL_CONVERSION = YES;
				CLANG_WARN_OBJC_IMPLICIT_RETAIN_SELF = YES;
				CLANG_WARN_OBJC_LITERAL_CONVERSION = YES;
				CLANG_WARN_OBJC_ROOT_CLASS = YES_ERROR;
				CLANG_WARN_RANGE_LOOP_ANALYSIS = YES;
				CLANG_WARN_STRICT_PROTOTYPES = YES;
				CLANG_WARN_SUSPICIOUS_MOVE = YES;
				CLANG_WARN_UNGUARDED_AVAILABILITY = YES_AGGRESSIVE;
				CLANG_WARN_UNREACHABLE_CODE = YES;
				CLANG_WARN__DUPLICATE_METHOD_MATCH = YES;
				CODE_SIGN_IDENTITY = "iPhone Developer";
				COPY_PHASE_STRIP = NO;
				DEBUG_INFORMATION_FORMAT = dwarf;
				ENABLE_STRICT_OBJC_MSGSEND = YES;
				ENABLE_TESTABILITY = YES;
				GCC_C_LANGUAGE_STANDARD = gnu11;
				GCC_DYNAMIC_NO_PIC = NO;
				GCC_NO_COMMON_BLOCKS = YES;
				GCC_OPTIMIZATION_LEVEL = 0;
				GCC_PREPROCESSOR_DEFINITIONS = (
					"DEBUG=1",
					"$(inherited)",
				);
				GCC_WARN_64_TO_32_BIT_CONVERSION = YES;
				GCC_WARN_ABOUT_RETURN_TYPE = YES_ERROR;
				GCC_WARN_UNDECLARED_SELECTOR = YES;
				GCC_WARN_UNINITIALIZED_AUTOS = YES_AGGRESSIVE;
				GCC_WARN_UNUSED_FUNCTION = YES;
				GCC_WARN_UNUSED_VARIABLE = YES;
				IPHONEOS_DEPLOYMENT_TARGET = 11.3;
				MTL_ENABLE_DEBUG_INFO = YES;
				ONLY_ACTIVE_ARCH = YES;
				SDKROOT = iphoneos;
				SWIFT_ACTIVE_COMPILATION_CONDITIONS = DEBUG;
				SWIFT_OPTIMIZATION_LEVEL = "-Onone";
			};
			name = Debug;
		};
		52AB6DC62113E53400E747A7 /* Release */ = {
			isa = XCBuildConfiguration;
			buildSettings = {
				ALWAYS_SEARCH_USER_PATHS = NO;
				CLANG_ANALYZER_NONNULL = YES;
				CLANG_ANALYZER_NUMBER_OBJECT_CONVERSION = YES_AGGRESSIVE;
				CLANG_CXX_LANGUAGE_STANDARD = "gnu++14";
				CLANG_CXX_LIBRARY = "libc++";
				CLANG_ENABLE_MODULES = YES;
				CLANG_ENABLE_OBJC_ARC = YES;
				CLANG_ENABLE_OBJC_WEAK = YES;
				CLANG_WARN_BLOCK_CAPTURE_AUTORELEASING = YES;
				CLANG_WARN_BOOL_CONVERSION = YES;
				CLANG_WARN_COMMA = YES;
				CLANG_WARN_CONSTANT_CONVERSION = YES;
				CLANG_WARN_DEPRECATED_OBJC_IMPLEMENTATIONS = YES;
				CLANG_WARN_DIRECT_OBJC_ISA_USAGE = YES_ERROR;
				CLANG_WARN_DOCUMENTATION_COMMENTS = YES;
				CLANG_WARN_EMPTY_BODY = YES;
				CLANG_WARN_ENUM_CONVERSION = YES;
				CLANG_WARN_INFINITE_RECURSION = YES;
				CLANG_WARN_INT_CONVERSION = YES;
				CLANG_WARN_NON_LITERAL_NULL_CONVERSION = YES;
				CLANG_WARN_OBJC_IMPLICIT_RETAIN_SELF = YES;
				CLANG_WARN_OBJC_LITERAL_CONVERSION = YES;
				CLANG_WARN_OBJC_ROOT_CLASS = YES_ERROR;
				CLANG_WARN_RANGE_LOOP_ANALYSIS = YES;
				CLANG_WARN_STRICT_PROTOTYPES = YES;
				CLANG_WARN_SUSPICIOUS_MOVE = YES;
				CLANG_WARN_UNGUARDED_AVAILABILITY = YES_AGGRESSIVE;
				CLANG_WARN_UNREACHABLE_CODE = YES;
				CLANG_WARN__DUPLICATE_METHOD_MATCH = YES;
				CODE_SIGN_IDENTITY = "iPhone Developer";
				COPY_PHASE_STRIP = NO;
				DEBUG_INFORMATION_FORMAT = "dwarf-with-dsym";
				ENABLE_NS_ASSERTIONS = NO;
				ENABLE_STRICT_OBJC_MSGSEND = YES;
				GCC_C_LANGUAGE_STANDARD = gnu11;
				GCC_NO_COMMON_BLOCKS = YES;
				GCC_WARN_64_TO_32_BIT_CONVERSION = YES;
				GCC_WARN_ABOUT_RETURN_TYPE = YES_ERROR;
				GCC_WARN_UNDECLARED_SELECTOR = YES;
				GCC_WARN_UNINITIALIZED_AUTOS = YES_AGGRESSIVE;
				GCC_WARN_UNUSED_FUNCTION = YES;
				GCC_WARN_UNUSED_VARIABLE = YES;
				IPHONEOS_DEPLOYMENT_TARGET = 11.3;
				MTL_ENABLE_DEBUG_INFO = NO;
				SDKROOT = iphoneos;
				SWIFT_COMPILATION_MODE = wholemodule;
				SWIFT_OPTIMIZATION_LEVEL = "-O";
				VALIDATE_PRODUCT = YES;
			};
			name = Release;
		};
		52AB6DC82113E53400E747A7 /* Debug */ = {
			isa = XCBuildConfiguration;
			buildSettings = {
				ASSETCATALOG_COMPILER_APPICON_NAME = AppIcon;
				CODE_SIGN_STYLE = Automatic;
				DEVELOPMENT_TEAM = 4CCYWBJ37C;
				INFOPLIST_FILE = FoxCodable/Info.plist;
				LD_RUNPATH_SEARCH_PATHS = (
					"$(inherited)",
					"@executable_path/Frameworks",
				);
				PRODUCT_BUNDLE_IDENTIFIER = com.stefanoshea.FoxCodable;
				PRODUCT_NAME = "$(TARGET_NAME)";
				SWIFT_VERSION = 4.0;
				TARGETED_DEVICE_FAMILY = "1,2";
			};
			name = Debug;
		};
		52AB6DC92113E53400E747A7 /* Release */ = {
			isa = XCBuildConfiguration;
			buildSettings = {
				ASSETCATALOG_COMPILER_APPICON_NAME = AppIcon;
				CODE_SIGN_STYLE = Automatic;
				DEVELOPMENT_TEAM = 4CCYWBJ37C;
				INFOPLIST_FILE = FoxCodable/Info.plist;
				LD_RUNPATH_SEARCH_PATHS = (
					"$(inherited)",
					"@executable_path/Frameworks",
				);
				PRODUCT_BUNDLE_IDENTIFIER = com.stefanoshea.FoxCodable;
				PRODUCT_NAME = "$(TARGET_NAME)";
				SWIFT_VERSION = 4.0;
				TARGETED_DEVICE_FAMILY = "1,2";
			};
			name = Release;
		};
		52AB6DCB2113E53400E747A7 /* Debug */ = {
			isa = XCBuildConfiguration;
			buildSettings = {
				ALWAYS_EMBED_SWIFT_STANDARD_LIBRARIES = YES;
				BUNDLE_LOADER = "$(TEST_HOST)";
				CODE_SIGN_STYLE = Automatic;
				DEVELOPMENT_TEAM = 4CCYWBJ37C;
				INFOPLIST_FILE = FoxCodableTests/Info.plist;
				LD_RUNPATH_SEARCH_PATHS = (
					"$(inherited)",
					"@executable_path/Frameworks",
					"@loader_path/Frameworks",
				);
				PRODUCT_BUNDLE_IDENTIFIER = com.stefanoshea.FoxCodableTests;
				PRODUCT_NAME = "$(TARGET_NAME)";
				SWIFT_VERSION = 4.0;
				TARGETED_DEVICE_FAMILY = "1,2";
				TEST_HOST = "$(BUILT_PRODUCTS_DIR)/FoxCodable.app/FoxCodable";
			};
			name = Debug;
		};
		52AB6DCC2113E53400E747A7 /* Release */ = {
			isa = XCBuildConfiguration;
			buildSettings = {
				ALWAYS_EMBED_SWIFT_STANDARD_LIBRARIES = YES;
				BUNDLE_LOADER = "$(TEST_HOST)";
				CODE_SIGN_STYLE = Automatic;
				DEVELOPMENT_TEAM = 4CCYWBJ37C;
				INFOPLIST_FILE = FoxCodableTests/Info.plist;
				LD_RUNPATH_SEARCH_PATHS = (
					"$(inherited)",
					"@executable_path/Frameworks",
					"@loader_path/Frameworks",
				);
				PRODUCT_BUNDLE_IDENTIFIER = com.stefanoshea.FoxCodableTests;
				PRODUCT_NAME = "$(TARGET_NAME)";
				SWIFT_VERSION = 4.0;
				TARGETED_DEVICE_FAMILY = "1,2";
				TEST_HOST = "$(BUILT_PRODUCTS_DIR)/FoxCodable.app/FoxCodable";
			};
			name = Release;
		};
/* End XCBuildConfiguration section */

/* Begin XCConfigurationList section */
		52AB6DA52113E53100E747A7 /* Build configuration list for PBXProject "FoxCodable" */ = {
			isa = XCConfigurationList;
			buildConfigurations = (
				52AB6DC52113E53400E747A7 /* Debug */,
				52AB6DC62113E53400E747A7 /* Release */,
			);
			defaultConfigurationIsVisible = 0;
			defaultConfigurationName = Release;
		};
		52AB6DC72113E53400E747A7 /* Build configuration list for PBXNativeTarget "FoxCodable" */ = {
			isa = XCConfigurationList;
			buildConfigurations = (
				52AB6DC82113E53400E747A7 /* Debug */,
				52AB6DC92113E53400E747A7 /* Release */,
			);
			defaultConfigurationIsVisible = 0;
			defaultConfigurationName = Release;
		};
		52AB6DCA2113E53400E747A7 /* Build configuration list for PBXNativeTarget "FoxCodableTests" */ = {
			isa = XCConfigurationList;
			buildConfigurations = (
				52AB6DCB2113E53400E747A7 /* Debug */,
				52AB6DCC2113E53400E747A7 /* Release */,
			);
			defaultConfigurationIsVisible = 0;
			defaultConfigurationName = Release;
		};
/* End XCConfigurationList section */
	};
	rootObject = 52AB6DA22113E53100E747A7 /* Project object */;
}
